// !$*UTF8*$!
{
	archiveVersion = 1;
	classes = {
	};
	objectVersion = 46;
	objects = {

/* Begin PBXBuildFile section */
		1F0ADD9B19BF8FDD0004BF8C /* CDKBaseManagedObject.m in Sources */ = {isa = PBXBuildFile; fileRef = 1F0ADD6019BF8FDD0004BF8C /* CDKBaseManagedObject.m */; };
		1F0ADD9C19BF8FDD0004BF8C /* CDKBaseManagedObject.m in Sources */ = {isa = PBXBuildFile; fileRef = 1F0ADD6019BF8FDD0004BF8C /* CDKBaseManagedObject.m */; };
		1F0ADD9D19BF8FDD0004BF8C /* CDKCoreDataManager.m in Sources */ = {isa = PBXBuildFile; fileRef = 1F0ADD6219BF8FDD0004BF8C /* CDKCoreDataManager.m */; };
		1F0ADD9E19BF8FDD0004BF8C /* CDKCoreDataManager.m in Sources */ = {isa = PBXBuildFile; fileRef = 1F0ADD6219BF8FDD0004BF8C /* CDKCoreDataManager.m */; };
		1F0ADD9F19BF8FDD0004BF8C /* CDKThreadContextRef.m in Sources */ = {isa = PBXBuildFile; fileRef = 1F0ADD6519BF8FDD0004BF8C /* CDKThreadContextRef.m */; };
		1F0ADDA019BF8FDD0004BF8C /* CDKThreadContextRef.m in Sources */ = {isa = PBXBuildFile; fileRef = 1F0ADD6519BF8FDD0004BF8C /* CDKThreadContextRef.m */; };
		1F0ADDA119BF8FDD0004BF8C /* CDKCoreDataOperation.m in Sources */ = {isa = PBXBuildFile; fileRef = 1F0ADD6819BF8FDD0004BF8C /* CDKCoreDataOperation.m */; };
		1F0ADDA219BF8FDD0004BF8C /* CDKCoreDataOperation.m in Sources */ = {isa = PBXBuildFile; fileRef = 1F0ADD6819BF8FDD0004BF8C /* CDKCoreDataOperation.m */; };
		1F0ADDA319BF8FDD0004BF8C /* CDKCoreDataUtilities.m in Sources */ = {isa = PBXBuildFile; fileRef = 1F0ADD6B19BF8FDD0004BF8C /* CDKCoreDataUtilities.m */; };
		1F0ADDA419BF8FDD0004BF8C /* CDKCoreDataUtilities.m in Sources */ = {isa = PBXBuildFile; fileRef = 1F0ADD6B19BF8FDD0004BF8C /* CDKCoreDataUtilities.m */; };
		1F0ADDA519BF8FDD0004BF8C /* CDKObjectMapping.m in Sources */ = {isa = PBXBuildFile; fileRef = 1F0ADD6E19BF8FDD0004BF8C /* CDKObjectMapping.m */; };
		1F0ADDA619BF8FDD0004BF8C /* CDKObjectMapping.m in Sources */ = {isa = PBXBuildFile; fileRef = 1F0ADD6E19BF8FDD0004BF8C /* CDKObjectMapping.m */; };
		1F0ADDA719BF8FDD0004BF8C /* CDKObjectMappingAttribute.m in Sources */ = {isa = PBXBuildFile; fileRef = 1F0ADD7019BF8FDD0004BF8C /* CDKObjectMappingAttribute.m */; };
		1F0ADDA819BF8FDD0004BF8C /* CDKObjectMappingAttribute.m in Sources */ = {isa = PBXBuildFile; fileRef = 1F0ADD7019BF8FDD0004BF8C /* CDKObjectMappingAttribute.m */; };
		1F0ADDA919BF8FDD0004BF8C /* CDKObjectMappingRelationship.m in Sources */ = {isa = PBXBuildFile; fileRef = 1F0ADD7219BF8FDD0004BF8C /* CDKObjectMappingRelationship.m */; };
		1F0ADDAA19BF8FDD0004BF8C /* CDKObjectMappingRelationship.m in Sources */ = {isa = PBXBuildFile; fileRef = 1F0ADD7219BF8FDD0004BF8C /* CDKObjectMappingRelationship.m */; };
		1F0ADDAB19BF8FDD0004BF8C /* CDKLogger.m in Sources */ = {isa = PBXBuildFile; fileRef = 1F0ADD7519BF8FDD0004BF8C /* CDKLogger.m */; };
		1F0ADDAC19BF8FDD0004BF8C /* CDKLogger.m in Sources */ = {isa = PBXBuildFile; fileRef = 1F0ADD7519BF8FDD0004BF8C /* CDKLogger.m */; };
		1F0ADDAD19BF8FDD0004BF8C /* CDKLoggerEvent.m in Sources */ = {isa = PBXBuildFile; fileRef = 1F0ADD7719BF8FDD0004BF8C /* CDKLoggerEvent.m */; };
		1F0ADDAE19BF8FDD0004BF8C /* CDKLoggerEvent.m in Sources */ = {isa = PBXBuildFile; fileRef = 1F0ADD7719BF8FDD0004BF8C /* CDKLoggerEvent.m */; };
		1F0ADDAF19BF8FDD0004BF8C /* CDKLoggerScreenView.m in Sources */ = {isa = PBXBuildFile; fileRef = 1F0ADD7919BF8FDD0004BF8C /* CDKLoggerScreenView.m */; };
		1F0ADDB019BF8FDD0004BF8C /* CDKLoggerScreenView.m in Sources */ = {isa = PBXBuildFile; fileRef = 1F0ADD7919BF8FDD0004BF8C /* CDKLoggerScreenView.m */; };
		1F0ADDB119BF8FDD0004BF8C /* NSURL+CDKNetwork.m in Sources */ = {isa = PBXBuildFile; fileRef = 1F0ADD7D19BF8FDD0004BF8C /* NSURL+CDKNetwork.m */; };
		1F0ADDB219BF8FDD0004BF8C /* NSURL+CDKNetwork.m in Sources */ = {isa = PBXBuildFile; fileRef = 1F0ADD7D19BF8FDD0004BF8C /* NSURL+CDKNetwork.m */; };
		1F0ADDB319BF8FDD0004BF8C /* CDKNetworkConnection.m in Sources */ = {isa = PBXBuildFile; fileRef = 1F0ADD7F19BF8FDD0004BF8C /* CDKNetworkConnection.m */; };
		1F0ADDB419BF8FDD0004BF8C /* CDKNetworkConnection.m in Sources */ = {isa = PBXBuildFile; fileRef = 1F0ADD7F19BF8FDD0004BF8C /* CDKNetworkConnection.m */; };
		1F0ADDB519BF8FDD0004BF8C /* CDKNetworkHeader.m in Sources */ = {isa = PBXBuildFile; fileRef = 1F0ADD8319BF8FDD0004BF8C /* CDKNetworkHeader.m */; };
		1F0ADDB619BF8FDD0004BF8C /* CDKNetworkHeader.m in Sources */ = {isa = PBXBuildFile; fileRef = 1F0ADD8319BF8FDD0004BF8C /* CDKNetworkHeader.m */; };
		1F0ADDB719BF8FDD0004BF8C /* CDKNetworkParameter.m in Sources */ = {isa = PBXBuildFile; fileRef = 1F0ADD8519BF8FDD0004BF8C /* CDKNetworkParameter.m */; };
		1F0ADDB819BF8FDD0004BF8C /* CDKNetworkParameter.m in Sources */ = {isa = PBXBuildFile; fileRef = 1F0ADD8519BF8FDD0004BF8C /* CDKNetworkParameter.m */; };
		1F0ADDB919BF8FDD0004BF8C /* CDKNetworkResponse.m in Sources */ = {isa = PBXBuildFile; fileRef = 1F0ADD8719BF8FDD0004BF8C /* CDKNetworkResponse.m */; };
		1F0ADDBA19BF8FDD0004BF8C /* CDKNetworkResponse.m in Sources */ = {isa = PBXBuildFile; fileRef = 1F0ADD8719BF8FDD0004BF8C /* CDKNetworkResponse.m */; };
		1F0ADDBB19BF8FDD0004BF8C /* CDKActivityIndicatorView.m in Sources */ = {isa = PBXBuildFile; fileRef = 1F0ADD8C19BF8FDD0004BF8C /* CDKActivityIndicatorView.m */; };
		1F0ADDBC19BF8FDD0004BF8C /* CDKActivityIndicatorView.m in Sources */ = {isa = PBXBuildFile; fileRef = 1F0ADD8C19BF8FDD0004BF8C /* CDKActivityIndicatorView.m */; };
		1F0ADDBD19BF8FDD0004BF8C /* Base64.m in Sources */ = {isa = PBXBuildFile; fileRef = 1F0ADD8F19BF8FDD0004BF8C /* Base64.m */; };
		1F0ADDBE19BF8FDD0004BF8C /* Base64.m in Sources */ = {isa = PBXBuildFile; fileRef = 1F0ADD8F19BF8FDD0004BF8C /* Base64.m */; };
		1F0ADDBF19BF8FDD0004BF8C /* NSDataAdditions.m in Sources */ = {isa = PBXBuildFile; fileRef = 1F0ADD9119BF8FDD0004BF8C /* NSDataAdditions.m */; };
		1F0ADDC019BF8FDD0004BF8C /* NSDataAdditions.m in Sources */ = {isa = PBXBuildFile; fileRef = 1F0ADD9119BF8FDD0004BF8C /* NSDataAdditions.m */; };
		1F0ADDC119BF8FDD0004BF8C /* NSDate+Additions.m in Sources */ = {isa = PBXBuildFile; fileRef = 1F0ADD9319BF8FDD0004BF8C /* NSDate+Additions.m */; };
		1F0ADDC219BF8FDD0004BF8C /* NSDate+Additions.m in Sources */ = {isa = PBXBuildFile; fileRef = 1F0ADD9319BF8FDD0004BF8C /* NSDate+Additions.m */; };
		1F0ADDC319BF8FDD0004BF8C /* NSError+Additions.m in Sources */ = {isa = PBXBuildFile; fileRef = 1F0ADD9519BF8FDD0004BF8C /* NSError+Additions.m */; };
		1F0ADDC419BF8FDD0004BF8C /* NSError+Additions.m in Sources */ = {isa = PBXBuildFile; fileRef = 1F0ADD9519BF8FDD0004BF8C /* NSError+Additions.m */; };
		1F0ADDC519BF8FDD0004BF8C /* PropertyUtilities.m in Sources */ = {isa = PBXBuildFile; fileRef = 1F0ADD9719BF8FDD0004BF8C /* PropertyUtilities.m */; };
		1F0ADDC619BF8FDD0004BF8C /* PropertyUtilities.m in Sources */ = {isa = PBXBuildFile; fileRef = 1F0ADD9719BF8FDD0004BF8C /* PropertyUtilities.m */; };
		1F0ADDCE19BF90370004BF8C /* CocoaDeveloperKit.h in Headers */ = {isa = PBXBuildFile; fileRef = 1F0ADD9919BF8FDD0004BF8C /* CocoaDeveloperKit.h */; settings = {ATTRIBUTES = (Public, ); }; };
		1F0ADDCF19BF90370004BF8C /* CDKBaseManagedObject.h in Headers */ = {isa = PBXBuildFile; fileRef = 1F0ADD5F19BF8FDD0004BF8C /* CDKBaseManagedObject.h */; settings = {ATTRIBUTES = (Public, ); }; };
		1F0ADDD019BF90370004BF8C /* CDKCoreDataManager.h in Headers */ = {isa = PBXBuildFile; fileRef = 1F0ADD6119BF8FDD0004BF8C /* CDKCoreDataManager.h */; settings = {ATTRIBUTES = (Public, ); }; };
		1F0ADDD119BF90370004BF8C /* CDKThreadContextRef.h in Headers */ = {isa = PBXBuildFile; fileRef = 1F0ADD6419BF8FDD0004BF8C /* CDKThreadContextRef.h */; settings = {ATTRIBUTES = (Public, ); }; };
		1F0ADDD219BF90370004BF8C /* CDKCoreDataOperation.h in Headers */ = {isa = PBXBuildFile; fileRef = 1F0ADD6719BF8FDD0004BF8C /* CDKCoreDataOperation.h */; settings = {ATTRIBUTES = (Public, ); }; };
		1F0ADDD319BF90370004BF8C /* CDKCoreDataUtilities.h in Headers */ = {isa = PBXBuildFile; fileRef = 1F0ADD6A19BF8FDD0004BF8C /* CDKCoreDataUtilities.h */; settings = {ATTRIBUTES = (Public, ); }; };
		1F0ADDD419BF90370004BF8C /* CDKObjectMapping.h in Headers */ = {isa = PBXBuildFile; fileRef = 1F0ADD6D19BF8FDD0004BF8C /* CDKObjectMapping.h */; settings = {ATTRIBUTES = (Public, ); }; };
		1F0ADDD519BF90370004BF8C /* CDKObjectMappingAttribute.h in Headers */ = {isa = PBXBuildFile; fileRef = 1F0ADD6F19BF8FDD0004BF8C /* CDKObjectMappingAttribute.h */; settings = {ATTRIBUTES = (Public, ); }; };
		1F0ADDD619BF90370004BF8C /* CDKObjectMappingRelationship.h in Headers */ = {isa = PBXBuildFile; fileRef = 1F0ADD7119BF8FDD0004BF8C /* CDKObjectMappingRelationship.h */; settings = {ATTRIBUTES = (Public, ); }; };
		1F0ADDD719BF90370004BF8C /* CDKLogger.h in Headers */ = {isa = PBXBuildFile; fileRef = 1F0ADD7419BF8FDD0004BF8C /* CDKLogger.h */; settings = {ATTRIBUTES = (Public, ); }; };
		1F0ADDD819BF90370004BF8C /* CDKLoggerEvent.h in Headers */ = {isa = PBXBuildFile; fileRef = 1F0ADD7619BF8FDD0004BF8C /* CDKLoggerEvent.h */; settings = {ATTRIBUTES = (Public, ); }; };
		1F0ADDD919BF90370004BF8C /* CDKLoggerScreenView.h in Headers */ = {isa = PBXBuildFile; fileRef = 1F0ADD7819BF8FDD0004BF8C /* CDKLoggerScreenView.h */; settings = {ATTRIBUTES = (Public, ); }; };
		1F0ADDDA19BF90370004BF8C /* NSURL+CDKNetwork.h in Headers */ = {isa = PBXBuildFile; fileRef = 1F0ADD7C19BF8FDD0004BF8C /* NSURL+CDKNetwork.h */; settings = {ATTRIBUTES = (Public, ); }; };
		1F0ADDDB19BF90370004BF8C /* CDKNetworkConnection.h in Headers */ = {isa = PBXBuildFile; fileRef = 1F0ADD7E19BF8FDD0004BF8C /* CDKNetworkConnection.h */; settings = {ATTRIBUTES = (Public, ); }; };
		1F0ADDDC19BF90370004BF8C /* CDKNetworkGlobals.h in Headers */ = {isa = PBXBuildFile; fileRef = 1F0ADD8019BF8FDD0004BF8C /* CDKNetworkGlobals.h */; settings = {ATTRIBUTES = (Public, ); }; };
		1F0ADDDD19BF90370004BF8C /* CDKNetworkHeader.h in Headers */ = {isa = PBXBuildFile; fileRef = 1F0ADD8219BF8FDD0004BF8C /* CDKNetworkHeader.h */; settings = {ATTRIBUTES = (Public, ); }; };
		1F0ADDDE19BF90370004BF8C /* CDKNetworkParameter.h in Headers */ = {isa = PBXBuildFile; fileRef = 1F0ADD8419BF8FDD0004BF8C /* CDKNetworkParameter.h */; settings = {ATTRIBUTES = (Public, ); }; };
		1F0ADDDF19BF90370004BF8C /* CDKNetworkResponse.h in Headers */ = {isa = PBXBuildFile; fileRef = 1F0ADD8619BF8FDD0004BF8C /* CDKNetworkResponse.h */; settings = {ATTRIBUTES = (Public, ); }; };
		1F0ADDE019BF90370004BF8C /* CDKActivityIndicatorView.h in Headers */ = {isa = PBXBuildFile; fileRef = 1F0ADD8B19BF8FDD0004BF8C /* CDKActivityIndicatorView.h */; settings = {ATTRIBUTES = (Public, ); }; };
		1F0ADDE119BF90370004BF8C /* Base64.h in Headers */ = {isa = PBXBuildFile; fileRef = 1F0ADD8E19BF8FDD0004BF8C /* Base64.h */; settings = {ATTRIBUTES = (Public, ); }; };
		1F0ADDE219BF90370004BF8C /* NSDataAdditions.h in Headers */ = {isa = PBXBuildFile; fileRef = 1F0ADD9019BF8FDD0004BF8C /* NSDataAdditions.h */; settings = {ATTRIBUTES = (Public, ); }; };
		1F0ADDE319BF90370004BF8C /* NSDate+Additions.h in Headers */ = {isa = PBXBuildFile; fileRef = 1F0ADD9219BF8FDD0004BF8C /* NSDate+Additions.h */; settings = {ATTRIBUTES = (Public, ); }; };
		1F0ADDE419BF90370004BF8C /* NSError+Additions.h in Headers */ = {isa = PBXBuildFile; fileRef = 1F0ADD9419BF8FDD0004BF8C /* NSError+Additions.h */; settings = {ATTRIBUTES = (Public, ); }; };
		1F0ADDE519BF90370004BF8C /* PropertyUtilities.h in Headers */ = {isa = PBXBuildFile; fileRef = 1F0ADD9619BF8FDD0004BF8C /* PropertyUtilities.h */; settings = {ATTRIBUTES = (Public, ); }; };
		1FE7F8EA19BF8F7800636640 /* Foundation.framework in Frameworks */ = {isa = PBXBuildFile; fileRef = 1FE7F8E919BF8F7800636640 /* Foundation.framework */; };
		1FE7F8F819BF8F7800636640 /* XCTest.framework in Frameworks */ = {isa = PBXBuildFile; fileRef = 1FE7F8F719BF8F7800636640 /* XCTest.framework */; };
		1FE7F8F919BF8F7800636640 /* Foundation.framework in Frameworks */ = {isa = PBXBuildFile; fileRef = 1FE7F8E919BF8F7800636640 /* Foundation.framework */; };
		1FE7F8FB19BF8F7800636640 /* UIKit.framework in Frameworks */ = {isa = PBXBuildFile; fileRef = 1FE7F8FA19BF8F7800636640 /* UIKit.framework */; };
		1FE7F8FE19BF8F7800636640 /* libCocoaDeveloperKit.a in Frameworks */ = {isa = PBXBuildFile; fileRef = 1FE7F8E619BF8F7800636640 /* libCocoaDeveloperKit.a */; };
		1FE7F90419BF8F7800636640 /* InfoPlist.strings in Resources */ = {isa = PBXBuildFile; fileRef = 1FE7F90219BF8F7800636640 /* InfoPlist.strings */; };
		1FE7F90619BF8F7800636640 /* CocoaDeveloperKitTests.m in Sources */ = {isa = PBXBuildFile; fileRef = 1FE7F90519BF8F7800636640 /* CocoaDeveloperKitTests.m */; };
/* End PBXBuildFile section */

/* Begin PBXContainerItemProxy section */
		1FB6309F19BF963E005840DD /* PBXContainerItemProxy */ = {
			isa = PBXContainerItemProxy;
			containerPortal = 1FE7F8DE19BF8F7800636640 /* Project object */;
			proxyType = 1;
			remoteGlobalIDString = 1FE7F8E519BF8F7800636640;
			remoteInfo = CocoaDeveloperKit;
		};
/* End PBXContainerItemProxy section */

/* Begin PBXCopyFilesBuildPhase section */
		1FE7F8E419BF8F7800636640 /* CopyFiles */ = {
			isa = PBXCopyFilesBuildPhase;
			buildActionMask = 2147483647;
			dstPath = "include/$(PRODUCT_NAME)";
			dstSubfolderSpec = 16;
			files = (
			);
			runOnlyForDeploymentPostprocessing = 0;
		};
/* End PBXCopyFilesBuildPhase section */

/* Begin PBXFileReference section */
		1F0ADD5F19BF8FDD0004BF8C /* CDKBaseManagedObject.h */ = {isa = PBXFileReference; fileEncoding = 4; lastKnownFileType = sourcecode.c.h; path = CDKBaseManagedObject.h; sourceTree = "<group>"; };
		1F0ADD6019BF8FDD0004BF8C /* CDKBaseManagedObject.m */ = {isa = PBXFileReference; fileEncoding = 4; lastKnownFileType = sourcecode.c.objc; path = CDKBaseManagedObject.m; sourceTree = "<group>"; };
		1F0ADD6119BF8FDD0004BF8C /* CDKCoreDataManager.h */ = {isa = PBXFileReference; fileEncoding = 4; lastKnownFileType = sourcecode.c.h; path = CDKCoreDataManager.h; sourceTree = "<group>"; };
		1F0ADD6219BF8FDD0004BF8C /* CDKCoreDataManager.m */ = {isa = PBXFileReference; fileEncoding = 4; lastKnownFileType = sourcecode.c.objc; path = CDKCoreDataManager.m; sourceTree = "<group>"; };
		1F0ADD6419BF8FDD0004BF8C /* CDKThreadContextRef.h */ = {isa = PBXFileReference; fileEncoding = 4; lastKnownFileType = sourcecode.c.h; path = CDKThreadContextRef.h; sourceTree = "<group>"; };
		1F0ADD6519BF8FDD0004BF8C /* CDKThreadContextRef.m */ = {isa = PBXFileReference; fileEncoding = 4; lastKnownFileType = sourcecode.c.objc; path = CDKThreadContextRef.m; sourceTree = "<group>"; };
		1F0ADD6719BF8FDD0004BF8C /* CDKCoreDataOperation.h */ = {isa = PBXFileReference; fileEncoding = 4; lastKnownFileType = sourcecode.c.h; path = CDKCoreDataOperation.h; sourceTree = "<group>"; };
		1F0ADD6819BF8FDD0004BF8C /* CDKCoreDataOperation.m */ = {isa = PBXFileReference; fileEncoding = 4; lastKnownFileType = sourcecode.c.objc; path = CDKCoreDataOperation.m; sourceTree = "<group>"; };
		1F0ADD6A19BF8FDD0004BF8C /* CDKCoreDataUtilities.h */ = {isa = PBXFileReference; fileEncoding = 4; lastKnownFileType = sourcecode.c.h; path = CDKCoreDataUtilities.h; sourceTree = "<group>"; };
		1F0ADD6B19BF8FDD0004BF8C /* CDKCoreDataUtilities.m */ = {isa = PBXFileReference; fileEncoding = 4; lastKnownFileType = sourcecode.c.objc; path = CDKCoreDataUtilities.m; sourceTree = "<group>"; };
		1F0ADD6D19BF8FDD0004BF8C /* CDKObjectMapping.h */ = {isa = PBXFileReference; fileEncoding = 4; lastKnownFileType = sourcecode.c.h; path = CDKObjectMapping.h; sourceTree = "<group>"; };
		1F0ADD6E19BF8FDD0004BF8C /* CDKObjectMapping.m */ = {isa = PBXFileReference; fileEncoding = 4; lastKnownFileType = sourcecode.c.objc; path = CDKObjectMapping.m; sourceTree = "<group>"; };
		1F0ADD6F19BF8FDD0004BF8C /* CDKObjectMappingAttribute.h */ = {isa = PBXFileReference; fileEncoding = 4; lastKnownFileType = sourcecode.c.h; path = CDKObjectMappingAttribute.h; sourceTree = "<group>"; };
		1F0ADD7019BF8FDD0004BF8C /* CDKObjectMappingAttribute.m */ = {isa = PBXFileReference; fileEncoding = 4; lastKnownFileType = sourcecode.c.objc; path = CDKObjectMappingAttribute.m; sourceTree = "<group>"; };
		1F0ADD7119BF8FDD0004BF8C /* CDKObjectMappingRelationship.h */ = {isa = PBXFileReference; fileEncoding = 4; lastKnownFileType = sourcecode.c.h; path = CDKObjectMappingRelationship.h; sourceTree = "<group>"; };
		1F0ADD7219BF8FDD0004BF8C /* CDKObjectMappingRelationship.m */ = {isa = PBXFileReference; fileEncoding = 4; lastKnownFileType = sourcecode.c.objc; path = CDKObjectMappingRelationship.m; sourceTree = "<group>"; };
		1F0ADD7419BF8FDD0004BF8C /* CDKLogger.h */ = {isa = PBXFileReference; fileEncoding = 4; lastKnownFileType = sourcecode.c.h; path = CDKLogger.h; sourceTree = "<group>"; };
		1F0ADD7519BF8FDD0004BF8C /* CDKLogger.m */ = {isa = PBXFileReference; fileEncoding = 4; lastKnownFileType = sourcecode.c.objc; path = CDKLogger.m; sourceTree = "<group>"; };
		1F0ADD7619BF8FDD0004BF8C /* CDKLoggerEvent.h */ = {isa = PBXFileReference; fileEncoding = 4; lastKnownFileType = sourcecode.c.h; path = CDKLoggerEvent.h; sourceTree = "<group>"; };
		1F0ADD7719BF8FDD0004BF8C /* CDKLoggerEvent.m */ = {isa = PBXFileReference; fileEncoding = 4; lastKnownFileType = sourcecode.c.objc; path = CDKLoggerEvent.m; sourceTree = "<group>"; };
		1F0ADD7819BF8FDD0004BF8C /* CDKLoggerScreenView.h */ = {isa = PBXFileReference; fileEncoding = 4; lastKnownFileType = sourcecode.c.h; path = CDKLoggerScreenView.h; sourceTree = "<group>"; };
		1F0ADD7919BF8FDD0004BF8C /* CDKLoggerScreenView.m */ = {isa = PBXFileReference; fileEncoding = 4; lastKnownFileType = sourcecode.c.objc; path = CDKLoggerScreenView.m; sourceTree = "<group>"; };
		1F0ADD7C19BF8FDD0004BF8C /* NSURL+CDKNetwork.h */ = {isa = PBXFileReference; fileEncoding = 4; lastKnownFileType = sourcecode.c.h; path = "NSURL+CDKNetwork.h"; sourceTree = "<group>"; };
		1F0ADD7D19BF8FDD0004BF8C /* NSURL+CDKNetwork.m */ = {isa = PBXFileReference; fileEncoding = 4; lastKnownFileType = sourcecode.c.objc; path = "NSURL+CDKNetwork.m"; sourceTree = "<group>"; };
		1F0ADD7E19BF8FDD0004BF8C /* CDKNetworkConnection.h */ = {isa = PBXFileReference; fileEncoding = 4; lastKnownFileType = sourcecode.c.h; path = CDKNetworkConnection.h; sourceTree = "<group>"; };
		1F0ADD7F19BF8FDD0004BF8C /* CDKNetworkConnection.m */ = {isa = PBXFileReference; fileEncoding = 4; lastKnownFileType = sourcecode.c.objc; path = CDKNetworkConnection.m; sourceTree = "<group>"; };
		1F0ADD8019BF8FDD0004BF8C /* CDKNetworkGlobals.h */ = {isa = PBXFileReference; fileEncoding = 4; lastKnownFileType = sourcecode.c.h; path = CDKNetworkGlobals.h; sourceTree = "<group>"; };
		1F0ADD8219BF8FDD0004BF8C /* CDKNetworkHeader.h */ = {isa = PBXFileReference; fileEncoding = 4; lastKnownFileType = sourcecode.c.h; path = CDKNetworkHeader.h; sourceTree = "<group>"; };
		1F0ADD8319BF8FDD0004BF8C /* CDKNetworkHeader.m */ = {isa = PBXFileReference; fileEncoding = 4; lastKnownFileType = sourcecode.c.objc; path = CDKNetworkHeader.m; sourceTree = "<group>"; };
		1F0ADD8419BF8FDD0004BF8C /* CDKNetworkParameter.h */ = {isa = PBXFileReference; fileEncoding = 4; lastKnownFileType = sourcecode.c.h; path = CDKNetworkParameter.h; sourceTree = "<group>"; };
		1F0ADD8519BF8FDD0004BF8C /* CDKNetworkParameter.m */ = {isa = PBXFileReference; fileEncoding = 4; lastKnownFileType = sourcecode.c.objc; path = CDKNetworkParameter.m; sourceTree = "<group>"; };
		1F0ADD8619BF8FDD0004BF8C /* CDKNetworkResponse.h */ = {isa = PBXFileReference; fileEncoding = 4; lastKnownFileType = sourcecode.c.h; path = CDKNetworkResponse.h; sourceTree = "<group>"; };
		1F0ADD8719BF8FDD0004BF8C /* CDKNetworkResponse.m */ = {isa = PBXFileReference; fileEncoding = 4; lastKnownFileType = sourcecode.c.objc; path = CDKNetworkResponse.m; sourceTree = "<group>"; };
		1F0ADD8B19BF8FDD0004BF8C /* CDKActivityIndicatorView.h */ = {isa = PBXFileReference; fileEncoding = 4; lastKnownFileType = sourcecode.c.h; path = CDKActivityIndicatorView.h; sourceTree = "<group>"; };
		1F0ADD8C19BF8FDD0004BF8C /* CDKActivityIndicatorView.m */ = {isa = PBXFileReference; fileEncoding = 4; lastKnownFileType = sourcecode.c.objc; path = CDKActivityIndicatorView.m; sourceTree = "<group>"; };
		1F0ADD8E19BF8FDD0004BF8C /* Base64.h */ = {isa = PBXFileReference; fileEncoding = 4; lastKnownFileType = sourcecode.c.h; path = Base64.h; sourceTree = "<group>"; };
		1F0ADD8F19BF8FDD0004BF8C /* Base64.m */ = {isa = PBXFileReference; fileEncoding = 4; lastKnownFileType = sourcecode.c.objc; path = Base64.m; sourceTree = "<group>"; };
		1F0ADD9019BF8FDD0004BF8C /* NSDataAdditions.h */ = {isa = PBXFileReference; fileEncoding = 4; lastKnownFileType = sourcecode.c.h; path = NSDataAdditions.h; sourceTree = "<group>"; };
		1F0ADD9119BF8FDD0004BF8C /* NSDataAdditions.m */ = {isa = PBXFileReference; fileEncoding = 4; lastKnownFileType = sourcecode.c.objc; path = NSDataAdditions.m; sourceTree = "<group>"; };
		1F0ADD9219BF8FDD0004BF8C /* NSDate+Additions.h */ = {isa = PBXFileReference; fileEncoding = 4; lastKnownFileType = sourcecode.c.h; path = "NSDate+Additions.h"; sourceTree = "<group>"; };
		1F0ADD9319BF8FDD0004BF8C /* NSDate+Additions.m */ = {isa = PBXFileReference; fileEncoding = 4; lastKnownFileType = sourcecode.c.objc; path = "NSDate+Additions.m"; sourceTree = "<group>"; };
		1F0ADD9419BF8FDD0004BF8C /* NSError+Additions.h */ = {isa = PBXFileReference; fileEncoding = 4; lastKnownFileType = sourcecode.c.h; path = "NSError+Additions.h"; sourceTree = "<group>"; };
		1F0ADD9519BF8FDD0004BF8C /* NSError+Additions.m */ = {isa = PBXFileReference; fileEncoding = 4; lastKnownFileType = sourcecode.c.objc; path = "NSError+Additions.m"; sourceTree = "<group>"; };
		1F0ADD9619BF8FDD0004BF8C /* PropertyUtilities.h */ = {isa = PBXFileReference; fileEncoding = 4; lastKnownFileType = sourcecode.c.h; path = PropertyUtilities.h; sourceTree = "<group>"; };
		1F0ADD9719BF8FDD0004BF8C /* PropertyUtilities.m */ = {isa = PBXFileReference; fileEncoding = 4; lastKnownFileType = sourcecode.c.objc; path = PropertyUtilities.m; sourceTree = "<group>"; };
		1F0ADD9819BF8FDD0004BF8C /* CocoaDeveloperKit-Prefix.pch */ = {isa = PBXFileReference; fileEncoding = 4; lastKnownFileType = sourcecode.c.h; path = "CocoaDeveloperKit-Prefix.pch"; sourceTree = "<group>"; };
		1F0ADD9919BF8FDD0004BF8C /* CocoaDeveloperKit.h */ = {isa = PBXFileReference; fileEncoding = 4; lastKnownFileType = sourcecode.c.h; path = CocoaDeveloperKit.h; sourceTree = "<group>"; };
		1FE7F8E619BF8F7800636640 /* libCocoaDeveloperKit.a */ = {isa = PBXFileReference; explicitFileType = archive.ar; includeInIndex = 0; path = libCocoaDeveloperKit.a; sourceTree = BUILT_PRODUCTS_DIR; };
		1FE7F8E919BF8F7800636640 /* Foundation.framework */ = {isa = PBXFileReference; lastKnownFileType = wrapper.framework; name = Foundation.framework; path = System/Library/Frameworks/Foundation.framework; sourceTree = SDKROOT; };
		1FE7F8F619BF8F7800636640 /* CocoaDeveloperKitTests.xctest */ = {isa = PBXFileReference; explicitFileType = wrapper.cfbundle; includeInIndex = 0; path = CocoaDeveloperKitTests.xctest; sourceTree = BUILT_PRODUCTS_DIR; };
		1FE7F8F719BF8F7800636640 /* XCTest.framework */ = {isa = PBXFileReference; lastKnownFileType = wrapper.framework; name = XCTest.framework; path = Library/Frameworks/XCTest.framework; sourceTree = DEVELOPER_DIR; };
		1FE7F8FA19BF8F7800636640 /* UIKit.framework */ = {isa = PBXFileReference; lastKnownFileType = wrapper.framework; name = UIKit.framework; path = Library/Frameworks/UIKit.framework; sourceTree = DEVELOPER_DIR; };
		1FE7F90119BF8F7800636640 /* CocoaDeveloperKitTests-Info.plist */ = {isa = PBXFileReference; lastKnownFileType = text.plist.xml; path = "CocoaDeveloperKitTests-Info.plist"; sourceTree = "<group>"; };
		1FE7F90319BF8F7800636640 /* en */ = {isa = PBXFileReference; lastKnownFileType = text.plist.strings; name = en; path = en.lproj/InfoPlist.strings; sourceTree = "<group>"; };
		1FE7F90519BF8F7800636640 /* CocoaDeveloperKitTests.m */ = {isa = PBXFileReference; lastKnownFileType = sourcecode.c.objc; path = CocoaDeveloperKitTests.m; sourceTree = "<group>"; };
/* End PBXFileReference section */

/* Begin PBXFrameworksBuildPhase section */
		1FE7F8E319BF8F7800636640 /* Frameworks */ = {
			isa = PBXFrameworksBuildPhase;
			buildActionMask = 2147483647;
			files = (
				1FE7F8EA19BF8F7800636640 /* Foundation.framework in Frameworks */,
			);
			runOnlyForDeploymentPostprocessing = 0;
		};
		1FE7F8F319BF8F7800636640 /* Frameworks */ = {
			isa = PBXFrameworksBuildPhase;
			buildActionMask = 2147483647;
			files = (
				1FE7F8F819BF8F7800636640 /* XCTest.framework in Frameworks */,
				1FE7F8FB19BF8F7800636640 /* UIKit.framework in Frameworks */,
				1FE7F8F919BF8F7800636640 /* Foundation.framework in Frameworks */,
				1FE7F8FE19BF8F7800636640 /* libCocoaDeveloperKit.a in Frameworks */,
			);
			runOnlyForDeploymentPostprocessing = 0;
		};
/* End PBXFrameworksBuildPhase section */

/* Begin PBXGroup section */
		1F0ADD5B19BF8FDD0004BF8C /* CocoaDeveloperKit */ = {
			isa = PBXGroup;
			children = (
				1F0ADD9919BF8FDD0004BF8C /* CocoaDeveloperKit.h */,
				1F0ADD5C19BF8FDD0004BF8C /* Classes */,
				1F0ADDC919BF8FE80004BF8C /* Supporting Files */,
			);
			path = CocoaDeveloperKit;
			sourceTree = "<group>";
		};
		1F0ADD5C19BF8FDD0004BF8C /* Classes */ = {
			isa = PBXGroup;
			children = (
				1F0ADD5D19BF8FDD0004BF8C /* CoreDataManager */,
				1F0ADD7319BF8FDD0004BF8C /* Logger */,
				1F0ADD7A19BF8FDD0004BF8C /* Networking */,
				1F0ADD8819BF8FDD0004BF8C /* UI */,
				1F0ADD8D19BF8FDD0004BF8C /* Utilities */,
			);
			path = Classes;
			sourceTree = "<group>";
		};
		1F0ADD5D19BF8FDD0004BF8C /* CoreDataManager */ = {
			isa = PBXGroup;
			children = (
				1F0ADD5E19BF8FDD0004BF8C /* BaseManagedObject */,
				1F0ADD6119BF8FDD0004BF8C /* CDKCoreDataManager.h */,
				1F0ADD6219BF8FDD0004BF8C /* CDKCoreDataManager.m */,
				1F0ADD6319BF8FDD0004BF8C /* ConcurrentContext */,
				1F0ADD6619BF8FDD0004BF8C /* CoreDataRequest */,
				1F0ADD6919BF8FDD0004BF8C /* CoreDataUtilities */,
				1F0ADD6C19BF8FDD0004BF8C /* ObjectMapping */,
			);
			path = CoreDataManager;
			sourceTree = "<group>";
		};
		1F0ADD5E19BF8FDD0004BF8C /* BaseManagedObject */ = {
			isa = PBXGroup;
			children = (
				1F0ADD5F19BF8FDD0004BF8C /* CDKBaseManagedObject.h */,
				1F0ADD6019BF8FDD0004BF8C /* CDKBaseManagedObject.m */,
			);
			path = BaseManagedObject;
			sourceTree = "<group>";
		};
		1F0ADD6319BF8FDD0004BF8C /* ConcurrentContext */ = {
			isa = PBXGroup;
			children = (
				1F0ADD6419BF8FDD0004BF8C /* CDKThreadContextRef.h */,
				1F0ADD6519BF8FDD0004BF8C /* CDKThreadContextRef.m */,
			);
			path = ConcurrentContext;
			sourceTree = "<group>";
		};
		1F0ADD6619BF8FDD0004BF8C /* CoreDataRequest */ = {
			isa = PBXGroup;
			children = (
				1F0ADD6719BF8FDD0004BF8C /* CDKCoreDataOperation.h */,
				1F0ADD6819BF8FDD0004BF8C /* CDKCoreDataOperation.m */,
			);
			path = CoreDataRequest;
			sourceTree = "<group>";
		};
		1F0ADD6919BF8FDD0004BF8C /* CoreDataUtilities */ = {
			isa = PBXGroup;
			children = (
				1F0ADD6A19BF8FDD0004BF8C /* CDKCoreDataUtilities.h */,
				1F0ADD6B19BF8FDD0004BF8C /* CDKCoreDataUtilities.m */,
			);
			path = CoreDataUtilities;
			sourceTree = "<group>";
		};
		1F0ADD6C19BF8FDD0004BF8C /* ObjectMapping */ = {
			isa = PBXGroup;
			children = (
				1F0ADD6D19BF8FDD0004BF8C /* CDKObjectMapping.h */,
				1F0ADD6E19BF8FDD0004BF8C /* CDKObjectMapping.m */,
				1F0ADD6F19BF8FDD0004BF8C /* CDKObjectMappingAttribute.h */,
				1F0ADD7019BF8FDD0004BF8C /* CDKObjectMappingAttribute.m */,
				1F0ADD7119BF8FDD0004BF8C /* CDKObjectMappingRelationship.h */,
				1F0ADD7219BF8FDD0004BF8C /* CDKObjectMappingRelationship.m */,
			);
			path = ObjectMapping;
			sourceTree = "<group>";
		};
		1F0ADD7319BF8FDD0004BF8C /* Logger */ = {
			isa = PBXGroup;
			children = (
				1F0ADD7419BF8FDD0004BF8C /* CDKLogger.h */,
				1F0ADD7519BF8FDD0004BF8C /* CDKLogger.m */,
				1F0ADD7619BF8FDD0004BF8C /* CDKLoggerEvent.h */,
				1F0ADD7719BF8FDD0004BF8C /* CDKLoggerEvent.m */,
				1F0ADD7819BF8FDD0004BF8C /* CDKLoggerScreenView.h */,
				1F0ADD7919BF8FDD0004BF8C /* CDKLoggerScreenView.m */,
			);
			path = Logger;
			sourceTree = "<group>";
		};
		1F0ADD7A19BF8FDD0004BF8C /* Networking */ = {
			isa = PBXGroup;
			children = (
				1F0ADD7B19BF8FDD0004BF8C /* Category */,
				1F0ADD7E19BF8FDD0004BF8C /* CDKNetworkConnection.h */,
				1F0ADD7F19BF8FDD0004BF8C /* CDKNetworkConnection.m */,
				1F0ADD8019BF8FDD0004BF8C /* CDKNetworkGlobals.h */,
				1F0ADD8119BF8FDD0004BF8C /* Model */,
			);
			path = Networking;
			sourceTree = "<group>";
		};
		1F0ADD7B19BF8FDD0004BF8C /* Category */ = {
			isa = PBXGroup;
			children = (
				1F0ADD7C19BF8FDD0004BF8C /* NSURL+CDKNetwork.h */,
				1F0ADD7D19BF8FDD0004BF8C /* NSURL+CDKNetwork.m */,
			);
			path = Category;
			sourceTree = "<group>";
		};
		1F0ADD8119BF8FDD0004BF8C /* Model */ = {
			isa = PBXGroup;
			children = (
				1F0ADD8219BF8FDD0004BF8C /* CDKNetworkHeader.h */,
				1F0ADD8319BF8FDD0004BF8C /* CDKNetworkHeader.m */,
				1F0ADD8419BF8FDD0004BF8C /* CDKNetworkParameter.h */,
				1F0ADD8519BF8FDD0004BF8C /* CDKNetworkParameter.m */,
				1F0ADD8619BF8FDD0004BF8C /* CDKNetworkResponse.h */,
				1F0ADD8719BF8FDD0004BF8C /* CDKNetworkResponse.m */,
			);
			path = Model;
			sourceTree = "<group>";
		};
		1F0ADD8819BF8FDD0004BF8C /* UI */ = {
			isa = PBXGroup;
			children = (
				1F0ADD8919BF8FDD0004BF8C /* View */,
			);
			path = UI;
			sourceTree = "<group>";
		};
		1F0ADD8919BF8FDD0004BF8C /* View */ = {
			isa = PBXGroup;
			children = (
				1F0ADD8A19BF8FDD0004BF8C /* Spinners */,
			);
			path = View;
			sourceTree = "<group>";
		};
		1F0ADD8A19BF8FDD0004BF8C /* Spinners */ = {
			isa = PBXGroup;
			children = (
				1F0ADD8B19BF8FDD0004BF8C /* CDKActivityIndicatorView.h */,
				1F0ADD8C19BF8FDD0004BF8C /* CDKActivityIndicatorView.m */,
			);
			path = Spinners;
			sourceTree = "<group>";
		};
		1F0ADD8D19BF8FDD0004BF8C /* Utilities */ = {
			isa = PBXGroup;
			children = (
				1F0ADD8E19BF8FDD0004BF8C /* Base64.h */,
				1F0ADD8F19BF8FDD0004BF8C /* Base64.m */,
				1F0ADD9019BF8FDD0004BF8C /* NSDataAdditions.h */,
				1F0ADD9119BF8FDD0004BF8C /* NSDataAdditions.m */,
				1F0ADD9219BF8FDD0004BF8C /* NSDate+Additions.h */,
				1F0ADD9319BF8FDD0004BF8C /* NSDate+Additions.m */,
				1F0ADD9419BF8FDD0004BF8C /* NSError+Additions.h */,
				1F0ADD9519BF8FDD0004BF8C /* NSError+Additions.m */,
				1F0ADD9619BF8FDD0004BF8C /* PropertyUtilities.h */,
				1F0ADD9719BF8FDD0004BF8C /* PropertyUtilities.m */,
			);
			path = Utilities;
			sourceTree = "<group>";
		};
		1F0ADDC919BF8FE80004BF8C /* Supporting Files */ = {
			isa = PBXGroup;
			children = (
				1F0ADD9819BF8FDD0004BF8C /* CocoaDeveloperKit-Prefix.pch */,
			);
			name = "Supporting Files";
			sourceTree = "<group>";
		};
		1FE7F8DD19BF8F7800636640 = {
			isa = PBXGroup;
			children = (
				1F0ADD5B19BF8FDD0004BF8C /* CocoaDeveloperKit */,
				1FE7F8FF19BF8F7800636640 /* CocoaDeveloperKitTests */,
				1FE7F8E819BF8F7800636640 /* Frameworks */,
				1FE7F8E719BF8F7800636640 /* Products */,
			);
			sourceTree = "<group>";
		};
		1FE7F8E719BF8F7800636640 /* Products */ = {
			isa = PBXGroup;
			children = (
				1FE7F8E619BF8F7800636640 /* libCocoaDeveloperKit.a */,
				1FE7F8F619BF8F7800636640 /* CocoaDeveloperKitTests.xctest */,
			);
			name = Products;
			sourceTree = "<group>";
		};
		1FE7F8E819BF8F7800636640 /* Frameworks */ = {
			isa = PBXGroup;
			children = (
				1FE7F8E919BF8F7800636640 /* Foundation.framework */,
				1FE7F8F719BF8F7800636640 /* XCTest.framework */,
				1FE7F8FA19BF8F7800636640 /* UIKit.framework */,
			);
			name = Frameworks;
			sourceTree = "<group>";
		};
		1FE7F8FF19BF8F7800636640 /* CocoaDeveloperKitTests */ = {
			isa = PBXGroup;
			children = (
				1FE7F90519BF8F7800636640 /* CocoaDeveloperKitTests.m */,
				1FE7F90019BF8F7800636640 /* Supporting Files */,
			);
			path = CocoaDeveloperKitTests;
			sourceTree = "<group>";
		};
		1FE7F90019BF8F7800636640 /* Supporting Files */ = {
			isa = PBXGroup;
			children = (
				1FE7F90119BF8F7800636640 /* CocoaDeveloperKitTests-Info.plist */,
				1FE7F90219BF8F7800636640 /* InfoPlist.strings */,
			);
			name = "Supporting Files";
			sourceTree = "<group>";
		};
/* End PBXGroup section */

/* Begin PBXHeadersBuildPhase section */
		1F0ADDCD19BF90190004BF8C /* Headers */ = {
			isa = PBXHeadersBuildPhase;
			buildActionMask = 2147483647;
			files = (
				1F0ADDCE19BF90370004BF8C /* CocoaDeveloperKit.h in Headers */,
				1F0ADDCF19BF90370004BF8C /* CDKBaseManagedObject.h in Headers */,
				1F0ADDD019BF90370004BF8C /* CDKCoreDataManager.h in Headers */,
				1F0ADDD119BF90370004BF8C /* CDKThreadContextRef.h in Headers */,
				1F0ADDD219BF90370004BF8C /* CDKCoreDataOperation.h in Headers */,
				1F0ADDD319BF90370004BF8C /* CDKCoreDataUtilities.h in Headers */,
				1F0ADDD419BF90370004BF8C /* CDKObjectMapping.h in Headers */,
				1F0ADDD519BF90370004BF8C /* CDKObjectMappingAttribute.h in Headers */,
				1F0ADDD619BF90370004BF8C /* CDKObjectMappingRelationship.h in Headers */,
				1F0ADDD719BF90370004BF8C /* CDKLogger.h in Headers */,
				1F0ADDD819BF90370004BF8C /* CDKLoggerEvent.h in Headers */,
				1F0ADDD919BF90370004BF8C /* CDKLoggerScreenView.h in Headers */,
				1F0ADDDA19BF90370004BF8C /* NSURL+CDKNetwork.h in Headers */,
				1F0ADDDB19BF90370004BF8C /* CDKNetworkConnection.h in Headers */,
				1F0ADDDC19BF90370004BF8C /* CDKNetworkGlobals.h in Headers */,
				1F0ADDDD19BF90370004BF8C /* CDKNetworkHeader.h in Headers */,
				1F0ADDDE19BF90370004BF8C /* CDKNetworkParameter.h in Headers */,
				1F0ADDDF19BF90370004BF8C /* CDKNetworkResponse.h in Headers */,
				1F0ADDE019BF90370004BF8C /* CDKActivityIndicatorView.h in Headers */,
				1F0ADDE119BF90370004BF8C /* Base64.h in Headers */,
				1F0ADDE219BF90370004BF8C /* NSDataAdditions.h in Headers */,
				1F0ADDE319BF90370004BF8C /* NSDate+Additions.h in Headers */,
				1F0ADDE419BF90370004BF8C /* NSError+Additions.h in Headers */,
				1F0ADDE519BF90370004BF8C /* PropertyUtilities.h in Headers */,
			);
			runOnlyForDeploymentPostprocessing = 0;
		};
/* End PBXHeadersBuildPhase section */

/* Begin PBXNativeTarget section */
		1FE7F8E519BF8F7800636640 /* CocoaDeveloperKit */ = {
			isa = PBXNativeTarget;
			buildConfigurationList = 1FE7F90919BF8F7800636640 /* Build configuration list for PBXNativeTarget "CocoaDeveloperKit" */;
			buildPhases = (
				1FE7F8E219BF8F7800636640 /* Sources */,
				1FE7F8E319BF8F7800636640 /* Frameworks */,
				1FE7F8E419BF8F7800636640 /* CopyFiles */,
				1F0ADDCD19BF90190004BF8C /* Headers */,
			);
			buildRules = (
			);
			dependencies = (
			);
			name = CocoaDeveloperKit;
			productName = CocoaDeveloperKit;
			productReference = 1FE7F8E619BF8F7800636640 /* libCocoaDeveloperKit.a */;
			productType = "com.apple.product-type.library.static";
		};
		1FE7F8F519BF8F7800636640 /* CocoaDeveloperKitTests */ = {
			isa = PBXNativeTarget;
			buildConfigurationList = 1FE7F90C19BF8F7800636640 /* Build configuration list for PBXNativeTarget "CocoaDeveloperKitTests" */;
			buildPhases = (
				1FE7F8F219BF8F7800636640 /* Sources */,
				1FE7F8F319BF8F7800636640 /* Frameworks */,
				1FE7F8F419BF8F7800636640 /* Resources */,
			);
			buildRules = (
			);
			dependencies = (
				1FB630A019BF963E005840DD /* PBXTargetDependency */,
			);
			name = CocoaDeveloperKitTests;
			productName = CocoaDeveloperKitTests;
			productReference = 1FE7F8F619BF8F7800636640 /* CocoaDeveloperKitTests.xctest */;
			productType = "com.apple.product-type.bundle.unit-test";
		};
/* End PBXNativeTarget section */

/* Begin PBXProject section */
		1FE7F8DE19BF8F7800636640 /* Project object */ = {
			isa = PBXProject;
			attributes = {
				LastUpgradeCheck = 0510;
				ORGANIZATIONNAME = "Mike Neill";
			};
			buildConfigurationList = 1FE7F8E119BF8F7800636640 /* Build configuration list for PBXProject "CocoaDeveloperKit" */;
			compatibilityVersion = "Xcode 3.2";
			developmentRegion = English;
			hasScannedForEncodings = 0;
			knownRegions = (
				en,
			);
			mainGroup = 1FE7F8DD19BF8F7800636640;
			productRefGroup = 1FE7F8E719BF8F7800636640 /* Products */;
			projectDirPath = "";
			projectRoot = "";
			targets = (
				1FE7F8E519BF8F7800636640 /* CocoaDeveloperKit */,
				1FE7F8F519BF8F7800636640 /* CocoaDeveloperKitTests */,
			);
		};
/* End PBXProject section */

/* Begin PBXResourcesBuildPhase section */
		1FE7F8F419BF8F7800636640 /* Resources */ = {
			isa = PBXResourcesBuildPhase;
			buildActionMask = 2147483647;
			files = (
				1FE7F90419BF8F7800636640 /* InfoPlist.strings in Resources */,
			);
			runOnlyForDeploymentPostprocessing = 0;
		};
/* End PBXResourcesBuildPhase section */

/* Begin PBXSourcesBuildPhase section */
		1FE7F8E219BF8F7800636640 /* Sources */ = {
			isa = PBXSourcesBuildPhase;
			buildActionMask = 2147483647;
			files = (
				1F0ADDB119BF8FDD0004BF8C /* NSURL+CDKNetwork.m in Sources */,
				1F0ADDA919BF8FDD0004BF8C /* CDKObjectMappingRelationship.m in Sources */,
				1F0ADDA519BF8FDD0004BF8C /* CDKObjectMapping.m in Sources */,
				1F0ADD9B19BF8FDD0004BF8C /* CDKBaseManagedObject.m in Sources */,
				1F0ADDB319BF8FDD0004BF8C /* CDKNetworkConnection.m in Sources */,
				1F0ADDAD19BF8FDD0004BF8C /* CDKLoggerEvent.m in Sources */,
				1F0ADD9D19BF8FDD0004BF8C /* CDKCoreDataManager.m in Sources */,
				1F0ADDAB19BF8FDD0004BF8C /* CDKLogger.m in Sources */,
				1F0ADDB719BF8FDD0004BF8C /* CDKNetworkParameter.m in Sources */,
				1F0ADDBB19BF8FDD0004BF8C /* CDKActivityIndicatorView.m in Sources */,
				1F0ADDC119BF8FDD0004BF8C /* NSDate+Additions.m in Sources */,
				1F0ADDA319BF8FDD0004BF8C /* CDKCoreDataUtilities.m in Sources */,
				1F0ADDC319BF8FDD0004BF8C /* NSError+Additions.m in Sources */,
				1F0ADDBF19BF8FDD0004BF8C /* NSDataAdditions.m in Sources */,
				1F0ADDB919BF8FDD0004BF8C /* CDKNetworkResponse.m in Sources */,
				1F0ADDAF19BF8FDD0004BF8C /* CDKLoggerScreenView.m in Sources */,
				1F0ADDB519BF8FDD0004BF8C /* CDKNetworkHeader.m in Sources */,
				1F0ADD9F19BF8FDD0004BF8C /* CDKThreadContextRef.m in Sources */,
				1F0ADDA719BF8FDD0004BF8C /* CDKObjectMappingAttribute.m in Sources */,
				1F0ADDC519BF8FDD0004BF8C /* PropertyUtilities.m in Sources */,
				1F0ADDBD19BF8FDD0004BF8C /* Base64.m in Sources */,
				1F0ADDA119BF8FDD0004BF8C /* CDKCoreDataOperation.m in Sources */,
			);
			runOnlyForDeploymentPostprocessing = 0;
		};
		1FE7F8F219BF8F7800636640 /* Sources */ = {
			isa = PBXSourcesBuildPhase;
			buildActionMask = 2147483647;
			files = (
				1F0ADDBA19BF8FDD0004BF8C /* CDKNetworkResponse.m in Sources */,
				1F0ADDA219BF8FDD0004BF8C /* CDKCoreDataOperation.m in Sources */,
				1F0ADDA019BF8FDD0004BF8C /* CDKThreadContextRef.m in Sources */,
				1F0ADDA419BF8FDD0004BF8C /* CDKCoreDataUtilities.m in Sources */,
				1F0ADDBC19BF8FDD0004BF8C /* CDKActivityIndicatorView.m in Sources */,
				1F0ADDB419BF8FDD0004BF8C /* CDKNetworkConnection.m in Sources */,
				1F0ADDC019BF8FDD0004BF8C /* NSDataAdditions.m in Sources */,
				1F0ADDB619BF8FDD0004BF8C /* CDKNetworkHeader.m in Sources */,
				1F0ADDA619BF8FDD0004BF8C /* CDKObjectMapping.m in Sources */,
				1F0ADD9E19BF8FDD0004BF8C /* CDKCoreDataManager.m in Sources */,
				1F0ADDBE19BF8FDD0004BF8C /* Base64.m in Sources */,
				1F0ADDC419BF8FDD0004BF8C /* NSError+Additions.m in Sources */,
				1F0ADDAE19BF8FDD0004BF8C /* CDKLoggerEvent.m in Sources */,
				1F0ADD9C19BF8FDD0004BF8C /* CDKBaseManagedObject.m in Sources */,
				1F0ADDAC19BF8FDD0004BF8C /* CDKLogger.m in Sources */,
				1FE7F90619BF8F7800636640 /* CocoaDeveloperKitTests.m in Sources */,
				1F0ADDC619BF8FDD0004BF8C /* PropertyUtilities.m in Sources */,
				1F0ADDB019BF8FDD0004BF8C /* CDKLoggerScreenView.m in Sources */,
				1F0ADDA819BF8FDD0004BF8C /* CDKObjectMappingAttribute.m in Sources */,
				1F0ADDB819BF8FDD0004BF8C /* CDKNetworkParameter.m in Sources */,
				1F0ADDC219BF8FDD0004BF8C /* NSDate+Additions.m in Sources */,
				1F0ADDB219BF8FDD0004BF8C /* NSURL+CDKNetwork.m in Sources */,
				1F0ADDAA19BF8FDD0004BF8C /* CDKObjectMappingRelationship.m in Sources */,
			);
			runOnlyForDeploymentPostprocessing = 0;
		};
/* End PBXSourcesBuildPhase section */

/* Begin PBXTargetDependency section */
		1FB630A019BF963E005840DD /* PBXTargetDependency */ = {
			isa = PBXTargetDependency;
			target = 1FE7F8E519BF8F7800636640 /* CocoaDeveloperKit */;
			targetProxy = 1FB6309F19BF963E005840DD /* PBXContainerItemProxy */;
		};
/* End PBXTargetDependency section */

/* Begin PBXVariantGroup section */
		1FE7F90219BF8F7800636640 /* InfoPlist.strings */ = {
			isa = PBXVariantGroup;
			children = (
				1FE7F90319BF8F7800636640 /* en */,
			);
			name = InfoPlist.strings;
			sourceTree = "<group>";
		};
/* End PBXVariantGroup section */

/* Begin XCBuildConfiguration section */
		1FE7F90719BF8F7800636640 /* Debug */ = {
			isa = XCBuildConfiguration;
			buildSettings = {
				ALWAYS_SEARCH_USER_PATHS = NO;
				CLANG_CXX_LANGUAGE_STANDARD = "gnu++0x";
				CLANG_CXX_LIBRARY = "libc++";
				CLANG_ENABLE_MODULES = YES;
				CLANG_ENABLE_OBJC_ARC = YES;
				CLANG_WARN_BOOL_CONVERSION = YES;
				CLANG_WARN_CONSTANT_CONVERSION = YES;
				CLANG_WARN_DIRECT_OBJC_ISA_USAGE = YES_ERROR;
				CLANG_WARN_EMPTY_BODY = YES;
				CLANG_WARN_ENUM_CONVERSION = YES;
				CLANG_WARN_INT_CONVERSION = YES;
				CLANG_WARN_OBJC_ROOT_CLASS = YES_ERROR;
				CLANG_WARN__DUPLICATE_METHOD_MATCH = YES;
				COPY_PHASE_STRIP = NO;
				GCC_C_LANGUAGE_STANDARD = gnu99;
				GCC_DYNAMIC_NO_PIC = NO;
				GCC_OPTIMIZATION_LEVEL = 0;
				GCC_PREPROCESSOR_DEFINITIONS = (
					"DEBUG=1",
					"$(inherited)",
				);
				GCC_SYMBOLS_PRIVATE_EXTERN = NO;
				GCC_WARN_64_TO_32_BIT_CONVERSION = YES;
				GCC_WARN_ABOUT_RETURN_TYPE = YES_ERROR;
				GCC_WARN_UNDECLARED_SELECTOR = YES;
				GCC_WARN_UNINITIALIZED_AUTOS = YES_AGGRESSIVE;
				GCC_WARN_UNUSED_FUNCTION = YES;
				GCC_WARN_UNUSED_VARIABLE = YES;
				IPHONEOS_DEPLOYMENT_TARGET = 7.1;
				ONLY_ACTIVE_ARCH = YES;
				SDKROOT = iphoneos;
			};
			name = Debug;
		};
		1FE7F90819BF8F7800636640 /* Release */ = {
			isa = XCBuildConfiguration;
			buildSettings = {
				ALWAYS_SEARCH_USER_PATHS = NO;
				CLANG_CXX_LANGUAGE_STANDARD = "gnu++0x";
				CLANG_CXX_LIBRARY = "libc++";
				CLANG_ENABLE_MODULES = YES;
				CLANG_ENABLE_OBJC_ARC = YES;
				CLANG_WARN_BOOL_CONVERSION = YES;
				CLANG_WARN_CONSTANT_CONVERSION = YES;
				CLANG_WARN_DIRECT_OBJC_ISA_USAGE = YES_ERROR;
				CLANG_WARN_EMPTY_BODY = YES;
				CLANG_WARN_ENUM_CONVERSION = YES;
				CLANG_WARN_INT_CONVERSION = YES;
				CLANG_WARN_OBJC_ROOT_CLASS = YES_ERROR;
				CLANG_WARN__DUPLICATE_METHOD_MATCH = YES;
				COPY_PHASE_STRIP = YES;
				ENABLE_NS_ASSERTIONS = NO;
				GCC_C_LANGUAGE_STANDARD = gnu99;
				GCC_WARN_64_TO_32_BIT_CONVERSION = YES;
				GCC_WARN_ABOUT_RETURN_TYPE = YES_ERROR;
				GCC_WARN_UNDECLARED_SELECTOR = YES;
				GCC_WARN_UNINITIALIZED_AUTOS = YES_AGGRESSIVE;
				GCC_WARN_UNUSED_FUNCTION = YES;
				GCC_WARN_UNUSED_VARIABLE = YES;
				IPHONEOS_DEPLOYMENT_TARGET = 7.1;
				SDKROOT = iphoneos;
				VALIDATE_PRODUCT = YES;
			};
			name = Release;
		};
		1FE7F90A19BF8F7800636640 /* Debug */ = {
			isa = XCBuildConfiguration;
			buildSettings = {
				DSTROOT = /tmp/CocoaDeveloperKit.dst;
				FRAMEWORK_SEARCH_PATHS = (
					"$(inherited)",
					"$(PLATFORM_DIR)/Developer/Library/Frameworks/**",
				);
				GCC_PRECOMPILE_PREFIX_HEADER = YES;
				GCC_PREFIX_HEADER = "CocoaDeveloperKit/CocoaDeveloperKit-Prefix.pch";
				HEADER_SEARCH_PATHS = "$(inherited)";
				OTHER_LDFLAGS = "-ObjC";
				PRODUCT_NAME = "$(TARGET_NAME)";
				SKIP_INSTALL = YES;
			};
			name = Debug;
		};
		1FE7F90B19BF8F7800636640 /* Release */ = {
			isa = XCBuildConfiguration;
			buildSettings = {
				DSTROOT = /tmp/CocoaDeveloperKit.dst;
				FRAMEWORK_SEARCH_PATHS = (
					"$(inherited)",
					"$(PLATFORM_DIR)/Developer/Library/Frameworks/**",
				);
				GCC_PRECOMPILE_PREFIX_HEADER = YES;
				GCC_PREFIX_HEADER = "CocoaDeveloperKit/CocoaDeveloperKit-Prefix.pch";
				HEADER_SEARCH_PATHS = "$(inherited)";
				OTHER_LDFLAGS = "-ObjC";
				PRODUCT_NAME = "$(TARGET_NAME)";
				SKIP_INSTALL = YES;
			};
			name = Release;
		};
		1FE7F90D19BF8F7800636640 /* Debug */ = {
			isa = XCBuildConfiguration;
			buildSettings = {
				FRAMEWORK_SEARCH_PATHS = (
					"$(PLATFORM_DIR)/Developer/Library/Frameworks/**",
					"$(inherited)",
				);
				GCC_PRECOMPILE_PREFIX_HEADER = YES;
				GCC_PREFIX_HEADER = "CocoaDeveloperKit/CocoaDeveloperKit-Prefix.pch";
				GCC_PREPROCESSOR_DEFINITIONS = (
					"DEBUG=1",
					"$(inherited)",
				);
				HEADER_SEARCH_PATHS = (
					"$(inherited)",
					"$(PLATFORM_DIR)/Developer/Library/Frameworks",
				);
				INFOPLIST_FILE = "CocoaDeveloperKitTests/CocoaDeveloperKitTests-Info.plist";
				PRODUCT_NAME = "$(TARGET_NAME)";
				WRAPPER_EXTENSION = xctest;
			};
			name = Debug;
		};
		1FE7F90E19BF8F7800636640 /* Release */ = {
			isa = XCBuildConfiguration;
			buildSettings = {
				FRAMEWORK_SEARCH_PATHS = (
					"$(PLATFORM_DIR)/Developer/Library/Frameworks/**",
					"$(inherited)",
				);
				GCC_PRECOMPILE_PREFIX_HEADER = YES;
				GCC_PREFIX_HEADER = "CocoaDeveloperKit/CocoaDeveloperKit-Prefix.pch";
				HEADER_SEARCH_PATHS = (
					"$(inherited)",
					"$(PLATFORM_DIR)/Developer/Library/Frameworks",
				);
				INFOPLIST_FILE = "CocoaDeveloperKitTests/CocoaDeveloperKitTests-Info.plist";
				PRODUCT_NAME = "$(TARGET_NAME)";
				WRAPPER_EXTENSION = xctest;
			};
			name = Release;
		};
/* End XCBuildConfiguration section */

/* Begin XCConfigurationList section */
		1FE7F8E119BF8F7800636640 /* Build configuration list for PBXProject "CocoaDeveloperKit" */ = {
			isa = XCConfigurationList;
			buildConfigurations = (
				1FE7F90719BF8F7800636640 /* Debug */,
				1FE7F90819BF8F7800636640 /* Release */,
			);
			defaultConfigurationIsVisible = 0;
			defaultConfigurationName = Release;
		};
		1FE7F90919BF8F7800636640 /* Build configuration list for PBXNativeTarget "CocoaDeveloperKit" */ = {
			isa = XCConfigurationList;
			buildConfigurations = (
				1FE7F90A19BF8F7800636640 /* Debug */,
				1FE7F90B19BF8F7800636640 /* Release */,
			);
			defaultConfigurationIsVisible = 0;
			defaultConfigurationName = Release;
		};
		1FE7F90C19BF8F7800636640 /* Build configuration list for PBXNativeTarget "CocoaDeveloperKitTests" */ = {
			isa = XCConfigurationList;
			buildConfigurations = (
				1FE7F90D19BF8F7800636640 /* Debug */,
				1FE7F90E19BF8F7800636640 /* Release */,
			);
			defaultConfigurationIsVisible = 0;
			defaultConfigurationName = Release;
		};
/* End XCConfigurationList section */
	};
	rootObject = 1FE7F8DE19BF8F7800636640 /* Project object */;
}
